
Microsoft Visual Studio Solution File, Format Version 12.00
# Visual Studio 15
VisualStudioVersion = 15.0.27428.2015
MinimumVisualStudioVersion = 10.0.40219.1
Project("{FAE04EC0-301F-11D3-BF4B-00C04F79EFBC}") = "TwoCaptcha", "TwoCaptcha\TwoCaptcha.csproj", "{D214C486-E959-4A82-860C-1D4436FDE75B}"
EndProject
Global
	GlobalSection(SolutionConfigurationPlatforms) = preSolution
		Debug|Any CPU = Debug|Any CPU
		Release|Any CPU = Release|Any CPU
	EndGlobalSection
	GlobalSection(ProjectConfigurationPlatforms) = postSolution
		{D214C486-E959-4A82-860C-1D4436FDE75B}.Debug|Any CPU.ActiveCfg = Debug|Any CPU
		{D214C486-E959-4A82-860C-1D4436FDE75B}.Debug|Any CPU.Build.0 = Debug|Any CPU
		{D214C486-E959-4A82-860C-1D4436FDE75B}.Release|Any CPU.ActiveCfg = Release|Any CPU
		{D214C486-E959-4A82-860C-1D4436FDE75B}.Release|Any CPU.Build.0 = Release|Any CPU
	EndGlobalSection
	GlobalSection(SolutionProperties) = preSolution
		HideSolutionNode = FALSE
	EndGlobalSection
	GlobalSection(ExtensibilityGlobals) = postSolution
		SolutionGuid = {B2975F99-8BE4-452F-8928-BCBD9C56BD21}
	EndGlobalSection
EndGlobal
